{
  "nodes": {
    "catppuccin": {
      "locked": {
        "lastModified": 1733908662,
        "narHash": "sha256-vuyqYX91/kEs+oYAw0az5A/JHeIX8hrv06WtLmhfZ5A=",
        "owner": "catppuccin",
        "repo": "nix",
        "rev": "5dfc780ad24353d01161c3c5784200ef042019af",
        "type": "github"
      },
      "original": {
        "owner": "catppuccin",
        "repo": "nix",
        "type": "github"
      }
    },
    "darwin": {
      "inputs": {
        "nixpkgs": [
          "nixpkgs"
        ]
      },
      "locked": {
        "lastModified": 1733351379,
        "narHash": "sha256-MTMsAhXxMMVHVN99jT8E0afOAOtt3JQWjYpTja94PAU=",
        "owner": "LnL7",
        "repo": "nix-darwin",
        "rev": "55d07816a0944f06a9df5ef174999a72fa4060c7",
        "type": "github"
      },
      "original": {
        "owner": "LnL7",
        "repo": "nix-darwin",
        "type": "github"
      }
    },
    "dooit": {
      "inputs": {
        "nixpkgs": "nixpkgs"
      },
      "locked": {
        "lastModified": 1732522542,
        "narHash": "sha256-8nnVi31imaKKZ+SLA/TmVcpkZ0LHNR0i788H7SoYvO8=",
        "owner": "dooit-org",
        "repo": "dooit",
        "rev": "7970550477b1f2f537627a0167026cb4730af302",
        "type": "github"
      },
      "original": {
        "owner": "dooit-org",
        "repo": "dooit",
        "type": "github"
      }
    },
    "dooit-extras": {
      "inputs": {
        "dooit": "dooit_2",
        "nixpkgs": "nixpkgs_3"
      },
      "locked": {
        "lastModified": 1732457546,
        "narHash": "sha256-YNYEx6bHUtYy89zS0rkNydTlHImMua4oSQMvO9tBH14=",
        "owner": "dooit-org",
        "repo": "dooit-extras",
        "rev": "5ab34380a4ed7020b6b37094e2255b0aee6a84ae",
        "type": "github"
      },
      "original": {
        "owner": "dooit-org",
        "repo": "dooit-extras",
        "type": "github"
      }
    },
    "dooit_2": {
      "inputs": {
        "nixpkgs": "nixpkgs_2"
      },
      "locked": {
        "lastModified": 1732456496,
        "narHash": "sha256-OHzU6dJ+VfwckvfTiNF3UlPTYRZOWcjQjntp4okNCgE=",
        "owner": "dooit-org",
        "repo": "dooit",
        "rev": "3ab2375577f06e2110a460f714fd9a68616ff637",
        "type": "github"
      },
      "original": {
        "owner": "dooit-org",
        "repo": "dooit",
        "type": "github"
      }
    },
    "flake-utils": {
      "inputs": {
        "systems": "systems"
      },
      "locked": {
        "lastModified": 1731533236,
        "narHash": "sha256-l0KFg5HjrsfsO/JpG+r7fRrqm12kzFHyUHqHCVpMMbI=",
        "owner": "numtide",
        "repo": "flake-utils",
        "rev": "11707dc2f618dd54ca8739b309ec4fc024de578b",
        "type": "github"
      },
      "original": {
        "owner": "numtide",
        "repo": "flake-utils",
        "type": "github"
      }
    },
    "home-manager": {
      "inputs": {
        "nixpkgs": [
          "nixpkgs"
        ]
      },
      "locked": {
        "lastModified": 1732482255,
        "narHash": "sha256-GUffLwzawz5WRVfWaWCg78n/HrBJrOG7QadFY6rtV8A=",
        "owner": "nix-community",
        "repo": "home-manager",
        "rev": "a9953635d7f34e7358d5189751110f87e3ac17da",
        "type": "github"
      },
      "original": {
        "owner": "nix-community",
        "repo": "home-manager",
        "type": "github"
      }
    },
    "nixpkgs": {
      "locked": {
        "lastModified": 1730785428,
        "narHash": "sha256-Zwl8YgTVJTEum+L+0zVAWvXAGbWAuXHax3KzuejaDyo=",
        "owner": "nixos",
        "repo": "nixpkgs",
        "rev": "4aa36568d413aca0ea84a1684d2d46f55dbabad7",
        "type": "github"
      },
      "original": {
        "owner": "nixos",
        "ref": "nixos-unstable",
        "repo": "nixpkgs",
        "type": "github"
      }
    },
    "nixpkgs_2": {
      "locked": {
        "lastModified": 1730785428,
        "narHash": "sha256-Zwl8YgTVJTEum+L+0zVAWvXAGbWAuXHax3KzuejaDyo=",
        "owner": "nixos",
        "repo": "nixpkgs",
        "rev": "4aa36568d413aca0ea84a1684d2d46f55dbabad7",
        "type": "github"
      },
      "original": {
        "owner": "nixos",
        "ref": "nixos-unstable",
        "repo": "nixpkgs",
        "type": "github"
      }
    },
    "nixpkgs_3": {
      "locked": {
        "lastModified": 1732014248,
        "narHash": "sha256-y/MEyuJ5oBWrWAic/14LaIr/u5E0wRVzyYsouYY3W6w=",
        "owner": "nixos",
        "repo": "nixpkgs",
        "rev": "23e89b7da85c3640bbc2173fe04f4bd114342367",
        "type": "github"
      },
      "original": {
        "owner": "nixos",
        "ref": "nixos-unstable",
        "repo": "nixpkgs",
        "type": "github"
      }
    },
    "nixpkgs_4": {
      "locked": {
        "lastModified": 1732238832,
        "narHash": "sha256-sQxuJm8rHY20xq6Ah+GwIUkF95tWjGRd1X8xF+Pkk38=",
        "owner": "NixOS",
        "repo": "nixpkgs",
        "rev": "8edf06bea5bcbee082df1b7369ff973b91618b8d",
        "type": "github"
      },
      "original": {
        "owner": "NixOS",
        "ref": "nixpkgs-unstable",
        "repo": "nixpkgs",
        "type": "github"
      }
    },
    "root": {
      "inputs": {
        "catppuccin": "catppuccin",
        "darwin": "darwin",
        "dooit": "dooit",
        "dooit-extras": "dooit-extras",
        "flake-utils": "flake-utils",
        "home-manager": "home-manager",
        "nixpkgs": "nixpkgs_4"
      }
    },
    "systems": {
      "locked": {
        "lastModified": 1681028828,
        "narHash": "sha256-Vy1rq5AaRuLzOxct8nz4T6wlgyUR7zLU309k9mBC768=",
        "owner": "nix-systems",
        "repo": "default",
        "rev": "da67096a3b9bf56a91d16901293e51ba5b49a27e",
        "type": "github"
      },
      "original": {
        "owner": "nix-systems",
        "repo": "default",
        "type": "github"
      }
    }
  },
  "root": "root",
  "version": 7
}
